// !$*UTF8*$!
{
	archiveVersion = 1;
	classes = {
	};
	objectVersion = 55;
	objects = {

/* Begin PBXBuildFile section */
		F015156429295F9000243674 /* SceneDelegate.swift in Sources */ = {isa = PBXBuildFile; fileRef = F015156329295F9000243674 /* SceneDelegate.swift */; };
		F018822F292AB16F0062F9C3 /* ConversationsInteractor.swift in Sources */ = {isa = PBXBuildFile; fileRef = F018822E292AB16F0062F9C3 /* ConversationsInteractor.swift */; };
		F08B76D2292E8829008C76FE /* Date + extension.swift in Sources */ = {isa = PBXBuildFile; fileRef = F08B76D1292E8829008C76FE /* Date + extension.swift */; };
		F08B76D4292EA5E4008C76FE /* Conversation.swift in Sources */ = {isa = PBXBuildFile; fileRef = F08B76D3292EA5E4008C76FE /* Conversation.swift */; };
		F08B76D7292EB26A008C76FE /* ConversationsTableViewCell.swift in Sources */ = {isa = PBXBuildFile; fileRef = F08B76D6292EB26A008C76FE /* ConversationsTableViewCell.swift */; };
		F0A33E74292BD4ED0063FF90 /* ConversationsPresenter.swift.swift in Sources */ = {isa = PBXBuildFile; fileRef = F0A33E73292BD4ED0063FF90 /* ConversationsPresenter.swift.swift */; };
		F0A33E76292BD5000063FF90 /* ConversationsRouter.swift in Sources */ = {isa = PBXBuildFile; fileRef = F0A33E75292BD5000063FF90 /* ConversationsRouter.swift */; };
		F0A33E78292BD5110063FF90 /* ConversationsProtocols.swift in Sources */ = {isa = PBXBuildFile; fileRef = F0A33E77292BD5110063FF90 /* ConversationsProtocols.swift */; };
		F0C6485F292B9E580096B8C4 /* FacebookCore in Frameworks */ = {isa = PBXBuildFile; productRef = F0C6485E292B9E580096B8C4 /* FacebookCore */; };
		F0C64861292B9E580096B8C4 /* FacebookLogin in Frameworks */ = {isa = PBXBuildFile; productRef = F0C64860292B9E580096B8C4 /* FacebookLogin */; };
		F0C64864292B9F4F0096B8C4 /* GoogleSignIn in Frameworks */ = {isa = PBXBuildFile; productRef = F0C64863292B9F4F0096B8C4 /* GoogleSignIn */; };
		F0C64866292B9F4F0096B8C4 /* GoogleSignInSwift in Frameworks */ = {isa = PBXBuildFile; productRef = F0C64865292B9F4F0096B8C4 /* GoogleSignInSwift */; };
		F0D386B129281C17001B8DA1 /* AppDelegate.swift in Sources */ = {isa = PBXBuildFile; fileRef = F0D386B029281C17001B8DA1 /* AppDelegate.swift */; };
		F0D386B529281C17001B8DA1 /* ConversationsViewController.swift in Sources */ = {isa = PBXBuildFile; fileRef = F0D386B429281C17001B8DA1 /* ConversationsViewController.swift */; };
		F0D386BA29281C18001B8DA1 /* Assets.xcassets in Resources */ = {isa = PBXBuildFile; fileRef = F0D386B929281C18001B8DA1 /* Assets.xcassets */; };
		F0D386BD29281C18001B8DA1 /* LaunchScreen.storyboard in Resources */ = {isa = PBXBuildFile; fileRef = F0D386BB29281C18001B8DA1 /* LaunchScreen.storyboard */; };
		F0D386CE29281E44001B8DA1 /* LoginViewController.swift in Sources */ = {isa = PBXBuildFile; fileRef = F0D386CD29281E44001B8DA1 /* LoginViewController.swift */; };
		F0D386D029281E4C001B8DA1 /* RegisterViewController.swift in Sources */ = {isa = PBXBuildFile; fileRef = F0D386CF29281E4C001B8DA1 /* RegisterViewController.swift */; };
		F0D386D229281E57001B8DA1 /* PhotoViewerViewController.swift in Sources */ = {isa = PBXBuildFile; fileRef = F0D386D129281E57001B8DA1 /* PhotoViewerViewController.swift */; };
		F0D386D429281E5F001B8DA1 /* VideoPlayerViewController.swift in Sources */ = {isa = PBXBuildFile; fileRef = F0D386D329281E5F001B8DA1 /* VideoPlayerViewController.swift */; };
		F0D386D629281E6A001B8DA1 /* NewConversationViewController.swift in Sources */ = {isa = PBXBuildFile; fileRef = F0D386D529281E6A001B8DA1 /* NewConversationViewController.swift */; };
		F0D386D829281E76001B8DA1 /* ProfileViewController.swift in Sources */ = {isa = PBXBuildFile; fileRef = F0D386D729281E76001B8DA1 /* ProfileViewController.swift */; };
		F0D386E9292820FA001B8DA1 /* UITextField + extension.swift in Sources */ = {isa = PBXBuildFile; fileRef = F0D386E8292820FA001B8DA1 /* UITextField + extension.swift */; };
		F0D386EB29282169001B8DA1 /* UIButton + Extension.swift in Sources */ = {isa = PBXBuildFile; fileRef = F0D386EA29282169001B8DA1 /* UIButton + Extension.swift */; };
		F0D386ED29282251001B8DA1 /* UIImageView + Extension.swift in Sources */ = {isa = PBXBuildFile; fileRef = F0D386EC29282251001B8DA1 /* UIImageView + Extension.swift */; };
		F0D386F529282725001B8DA1 /* LoginProtocols.swift in Sources */ = {isa = PBXBuildFile; fileRef = F0D386F429282725001B8DA1 /* LoginProtocols.swift */; };
		F0D386F7292828A4001B8DA1 /* LoginPresenter.swift in Sources */ = {isa = PBXBuildFile; fileRef = F0D386F6292828A4001B8DA1 /* LoginPresenter.swift */; };
		F0D386F9292828BB001B8DA1 /* LoginInteractor.swift in Sources */ = {isa = PBXBuildFile; fileRef = F0D386F8292828BB001B8DA1 /* LoginInteractor.swift */; };
		F0D386FB292829D5001B8DA1 /* LoginRouter.swift in Sources */ = {isa = PBXBuildFile; fileRef = F0D386FA292829D5001B8DA1 /* LoginRouter.swift */; };
		F0D3870329282D9B001B8DA1 /* SnapKit in Frameworks */ = {isa = PBXBuildFile; productRef = F0D3870229282D9B001B8DA1 /* SnapKit */; };
		F0D387052928311E001B8DA1 /* UIView + extension.swift in Sources */ = {isa = PBXBuildFile; fileRef = F0D387042928311E001B8DA1 /* UIView + extension.swift */; };
		F0D3870D292835C5001B8DA1 /* RegisterProtocols.swift in Sources */ = {isa = PBXBuildFile; fileRef = F0D3870C292835C5001B8DA1 /* RegisterProtocols.swift */; };
		F0D3870F29283705001B8DA1 /* RegisterRouter.swift in Sources */ = {isa = PBXBuildFile; fileRef = F0D3870E29283705001B8DA1 /* RegisterRouter.swift */; };
		F0D3871129283714001B8DA1 /* RegisterPresenter.swift.swift in Sources */ = {isa = PBXBuildFile; fileRef = F0D3871029283714001B8DA1 /* RegisterPresenter.swift.swift */; };
		F0D387132928371F001B8DA1 /* RegisterInteractor.swift in Sources */ = {isa = PBXBuildFile; fileRef = F0D387122928371F001B8DA1 /* RegisterInteractor.swift */; };
		F0D3871529283FFC001B8DA1 /* UIStackView + extension.swift.swift in Sources */ = {isa = PBXBuildFile; fileRef = F0D3871429283FFC001B8DA1 /* UIStackView + extension.swift.swift */; };
		F0D3C04C29290E160084C977 /* UIAlertController + extension.swift in Sources */ = {isa = PBXBuildFile; fileRef = F0D3C04B29290E160084C977 /* UIAlertController + extension.swift */; };
		F0D3C04F292911080084C977 /* FirebaseAuth in Frameworks */ = {isa = PBXBuildFile; productRef = F0D3C04E292911080084C977 /* FirebaseAuth */; };
		F0D3C051292911080084C977 /* FirebaseAuthCombine-Community in Frameworks */ = {isa = PBXBuildFile; productRef = F0D3C050292911080084C977 /* FirebaseAuthCombine-Community */; };
		F0D3C053292911080084C977 /* FirebaseFirestore in Frameworks */ = {isa = PBXBuildFile; productRef = F0D3C052292911080084C977 /* FirebaseFirestore */; };
		F0D3C055292911080084C977 /* FirebaseFirestoreCombine-Community in Frameworks */ = {isa = PBXBuildFile; productRef = F0D3C054292911080084C977 /* FirebaseFirestoreCombine-Community */; };
		F0D3C057292911080084C977 /* FirebaseFirestoreSwift in Frameworks */ = {isa = PBXBuildFile; productRef = F0D3C056292911080084C977 /* FirebaseFirestoreSwift */; };
		F0D3C059292911080084C977 /* FirebaseStorage in Frameworks */ = {isa = PBXBuildFile; productRef = F0D3C058292911080084C977 /* FirebaseStorage */; };
		F0D3C05B292911080084C977 /* FirebaseStorageCombine-Community in Frameworks */ = {isa = PBXBuildFile; productRef = F0D3C05A292911080084C977 /* FirebaseStorageCombine-Community */; };
		F0D3C05D292911980084C977 /* GoogleService-Info.plist in Resources */ = {isa = PBXBuildFile; fileRef = F0D3C05C292911980084C977 /* GoogleService-Info.plist */; };
		F0D3C061292914B70084C977 /* AuthManager.swift in Sources */ = {isa = PBXBuildFile; fileRef = F0D3C060292914B60084C977 /* AuthManager.swift */; };
		F0D3C0642929151C0084C977 /* ProgressHUD in Frameworks */ = {isa = PBXBuildFile; productRef = F0D3C0632929151C0084C977 /* ProgressHUD */; };
		F0D3C06929291C010084C977 /* DataBaseManager.swift in Sources */ = {isa = PBXBuildFile; fileRef = F0D3C06829291C010084C977 /* DataBaseManager.swift */; };
		F0D3C0722929254D0084C977 /* MainTabBarController.swift in Sources */ = {isa = PBXBuildFile; fileRef = F0D3C0712929254D0084C977 /* MainTabBarController.swift */; };
		F0D3C07429293EB30084C977 /* ProfileProtocols.swift in Sources */ = {isa = PBXBuildFile; fileRef = F0D3C07329293EB30084C977 /* ProfileProtocols.swift */; };
		F0D3C076292940000084C977 /* ProfileRouter.swift in Sources */ = {isa = PBXBuildFile; fileRef = F0D3C075292940000084C977 /* ProfileRouter.swift */; };
		F0D3C0782929404E0084C977 /* ProfilePresenter.swift in Sources */ = {isa = PBXBuildFile; fileRef = F0D3C0772929404E0084C977 /* ProfilePresenter.swift */; };
		F0D3C07A292942080084C977 /* ProfileInteractor.swift in Sources */ = {isa = PBXBuildFile; fileRef = F0D3C079292942080084C977 /* ProfileInteractor.swift */; };
		F0D6A790292AA55800BE1CCF /* User.swift in Sources */ = {isa = PBXBuildFile; fileRef = F0D6A78F292AA55800BE1CCF /* User.swift */; };
		F0DFD3512934F615003EE41F /* String + Extension.swift in Sources */ = {isa = PBXBuildFile; fileRef = F0DFD3502934F615003EE41F /* String + Extension.swift */; };
		F0E2C2522930EA8B005A275B /* AppError.swift in Sources */ = {isa = PBXBuildFile; fileRef = F0E2C2512930EA8B005A275B /* AppError.swift */; };
		F0E2C2542930EB36005A275B /* Chat.swift in Sources */ = {isa = PBXBuildFile; fileRef = F0E2C2532930EB36005A275B /* Chat.swift */; };
		F0E2C2562930F412005A275B /* ChatPresenter.swift in Sources */ = {isa = PBXBuildFile; fileRef = F0E2C2552930F412005A275B /* ChatPresenter.swift */; };
		F0E2C2582930F424005A275B /* ChatInteractor.swift in Sources */ = {isa = PBXBuildFile; fileRef = F0E2C2572930F424005A275B /* ChatInteractor.swift */; };
		F0E2C25A2930F435005A275B /* ChatRouter.swift in Sources */ = {isa = PBXBuildFile; fileRef = F0E2C2592930F435005A275B /* ChatRouter.swift */; };
		F0E2C25C2930F445005A275B /* ChatProtocols.swift in Sources */ = {isa = PBXBuildFile; fileRef = F0E2C25B2930F445005A275B /* ChatProtocols.swift */; };
		F0FBA09D292BDE2A00FD6B5C /* ChatViewController.swift in Sources */ = {isa = PBXBuildFile; fileRef = F0FBA09C292BDE2A00FD6B5C /* ChatViewController.swift */; };
		F0FBA09F292BDE8100FD6B5C /* Message.swift in Sources */ = {isa = PBXBuildFile; fileRef = F0FBA09E292BDE8100FD6B5C /* Message.swift */; };
		F0FBA0AD292BEC6A00FD6B5C /* UserTableViewCell.swift in Sources */ = {isa = PBXBuildFile; fileRef = F0FBA0AC292BEC6A00FD6B5C /* UserTableViewCell.swift */; };
		F0FBA0AF292BECB100FD6B5C /* UILabel + extension.swift in Sources */ = {isa = PBXBuildFile; fileRef = F0FBA0AE292BECB100FD6B5C /* UILabel + extension.swift */; };
		F0FBA0B2292BED2100FD6B5C /* UITableViewCell + extension.swift.swift in Sources */ = {isa = PBXBuildFile; fileRef = F0FBA0B1292BED2100FD6B5C /* UITableViewCell + extension.swift.swift */; };
		F0FBA0B5292BEF2500FD6B5C /* SDWebImage in Frameworks */ = {isa = PBXBuildFile; productRef = F0FBA0B4292BEF2500FD6B5C /* SDWebImage */; };
		F0FBA0B7292BF1D100FD6B5C /* NewConversationPresenter.swift in Sources */ = {isa = PBXBuildFile; fileRef = F0FBA0B6292BF1D100FD6B5C /* NewConversationPresenter.swift */; };
		F0FBA0B9292BF1E300FD6B5C /* NewConversationInteractor.swift in Sources */ = {isa = PBXBuildFile; fileRef = F0FBA0B8292BF1E300FD6B5C /* NewConversationInteractor.swift */; };
		F0FBA0BB292BF1EE00FD6B5C /* NewConversationRouter.swift in Sources */ = {isa = PBXBuildFile; fileRef = F0FBA0BA292BF1EE00FD6B5C /* NewConversationRouter.swift */; };
		F0FBA0BD292BF1FA00FD6B5C /* NewConversationProtocol.swift in Sources */ = {isa = PBXBuildFile; fileRef = F0FBA0BC292BF1FA00FD6B5C /* NewConversationProtocol.swift */; };
		F0FBA0C1292C215300FD6B5C /* NSNotification + extension.swift in Sources */ = {isa = PBXBuildFile; fileRef = F0FBA0C0292C215300FD6B5C /* NSNotification + extension.swift */; };
		F0FBA0C3292C33D200FD6B5C /* Sender.swift in Sources */ = {isa = PBXBuildFile; fileRef = F0FBA0C2292C33D200FD6B5C /* Sender.swift */; };
		F9C0B45C00FD5ABD71F522CB /* Pods_ChatChat.framework in Frameworks */ = {isa = PBXBuildFile; fileRef = 867D0833B595DC639DC80182 /* Pods_ChatChat.framework */; };
/* End PBXBuildFile section */

/* Begin PBXFileReference section */
		321AFD873D044664904E44F3 /* Pods-ChatChat.release.xcconfig */ = {isa = PBXFileReference; includeInIndex = 1; lastKnownFileType = text.xcconfig; name = "Pods-ChatChat.release.xcconfig"; path = "Target Support Files/Pods-ChatChat/Pods-ChatChat.release.xcconfig"; sourceTree = "<group>"; };
		867D0833B595DC639DC80182 /* Pods_ChatChat.framework */ = {isa = PBXFileReference; explicitFileType = wrapper.framework; includeInIndex = 0; path = Pods_ChatChat.framework; sourceTree = BUILT_PRODUCTS_DIR; };
		DB1B3866295D481F3D26B929 /* Pods-ChatChat.debug.xcconfig */ = {isa = PBXFileReference; includeInIndex = 1; lastKnownFileType = text.xcconfig; name = "Pods-ChatChat.debug.xcconfig"; path = "Target Support Files/Pods-ChatChat/Pods-ChatChat.debug.xcconfig"; sourceTree = "<group>"; };
		F01515622929558500243674 /* ChatChat.entitlements */ = {isa = PBXFileReference; lastKnownFileType = text.plist.entitlements; path = ChatChat.entitlements; sourceTree = "<group>"; };
		F015156329295F9000243674 /* SceneDelegate.swift */ = {isa = PBXFileReference; lastKnownFileType = sourcecode.swift; path = SceneDelegate.swift; sourceTree = "<group>"; };
		F018822E292AB16F0062F9C3 /* ConversationsInteractor.swift */ = {isa = PBXFileReference; lastKnownFileType = sourcecode.swift; path = ConversationsInteractor.swift; sourceTree = "<group>"; };
		F08B76D1292E8829008C76FE /* Date + extension.swift */ = {isa = PBXFileReference; lastKnownFileType = sourcecode.swift; path = "Date + extension.swift"; sourceTree = "<group>"; };
		F08B76D3292EA5E4008C76FE /* Conversation.swift */ = {isa = PBXFileReference; lastKnownFileType = sourcecode.swift; path = Conversation.swift; sourceTree = "<group>"; };
		F08B76D6292EB26A008C76FE /* ConversationsTableViewCell.swift */ = {isa = PBXFileReference; lastKnownFileType = sourcecode.swift; path = ConversationsTableViewCell.swift; sourceTree = "<group>"; };
		F0A33E73292BD4ED0063FF90 /* ConversationsPresenter.swift.swift */ = {isa = PBXFileReference; lastKnownFileType = sourcecode.swift; path = ConversationsPresenter.swift.swift; sourceTree = "<group>"; };
		F0A33E75292BD5000063FF90 /* ConversationsRouter.swift */ = {isa = PBXFileReference; lastKnownFileType = sourcecode.swift; path = ConversationsRouter.swift; sourceTree = "<group>"; };
		F0A33E77292BD5110063FF90 /* ConversationsProtocols.swift */ = {isa = PBXFileReference; lastKnownFileType = sourcecode.swift; path = ConversationsProtocols.swift; sourceTree = "<group>"; };
		F0D386AD29281C17001B8DA1 /* ChatChat.app */ = {isa = PBXFileReference; explicitFileType = wrapper.application; includeInIndex = 0; path = ChatChat.app; sourceTree = BUILT_PRODUCTS_DIR; };
		F0D386B029281C17001B8DA1 /* AppDelegate.swift */ = {isa = PBXFileReference; lastKnownFileType = sourcecode.swift; path = AppDelegate.swift; sourceTree = "<group>"; };
		F0D386B429281C17001B8DA1 /* ConversationsViewController.swift */ = {isa = PBXFileReference; lastKnownFileType = sourcecode.swift; path = ConversationsViewController.swift; sourceTree = "<group>"; };
		F0D386B929281C18001B8DA1 /* Assets.xcassets */ = {isa = PBXFileReference; lastKnownFileType = folder.assetcatalog; path = Assets.xcassets; sourceTree = "<group>"; };
		F0D386BC29281C18001B8DA1 /* Base */ = {isa = PBXFileReference; lastKnownFileType = file.storyboard; name = Base; path = Base.lproj/LaunchScreen.storyboard; sourceTree = "<group>"; };
		F0D386BE29281C18001B8DA1 /* Info.plist */ = {isa = PBXFileReference; lastKnownFileType = text.plist.xml; path = Info.plist; sourceTree = "<group>"; };
		F0D386CD29281E44001B8DA1 /* LoginViewController.swift */ = {isa = PBXFileReference; lastKnownFileType = sourcecode.swift; path = LoginViewController.swift; sourceTree = "<group>"; };
		F0D386CF29281E4C001B8DA1 /* RegisterViewController.swift */ = {isa = PBXFileReference; lastKnownFileType = sourcecode.swift; path = RegisterViewController.swift; sourceTree = "<group>"; };
		F0D386D129281E57001B8DA1 /* PhotoViewerViewController.swift */ = {isa = PBXFileReference; lastKnownFileType = sourcecode.swift; path = PhotoViewerViewController.swift; sourceTree = "<group>"; };
		F0D386D329281E5F001B8DA1 /* VideoPlayerViewController.swift */ = {isa = PBXFileReference; lastKnownFileType = sourcecode.swift; path = VideoPlayerViewController.swift; sourceTree = "<group>"; };
		F0D386D529281E6A001B8DA1 /* NewConversationViewController.swift */ = {isa = PBXFileReference; lastKnownFileType = sourcecode.swift; path = NewConversationViewController.swift; sourceTree = "<group>"; };
		F0D386D729281E76001B8DA1 /* ProfileViewController.swift */ = {isa = PBXFileReference; lastKnownFileType = sourcecode.swift; path = ProfileViewController.swift; sourceTree = "<group>"; };
		F0D386E8292820FA001B8DA1 /* UITextField + extension.swift */ = {isa = PBXFileReference; lastKnownFileType = sourcecode.swift; path = "UITextField + extension.swift"; sourceTree = "<group>"; };
		F0D386EA29282169001B8DA1 /* UIButton + Extension.swift */ = {isa = PBXFileReference; lastKnownFileType = sourcecode.swift; path = "UIButton + Extension.swift"; sourceTree = "<group>"; };
		F0D386EC29282251001B8DA1 /* UIImageView + Extension.swift */ = {isa = PBXFileReference; lastKnownFileType = sourcecode.swift; path = "UIImageView + Extension.swift"; sourceTree = "<group>"; };
		F0D386F429282725001B8DA1 /* LoginProtocols.swift */ = {isa = PBXFileReference; lastKnownFileType = sourcecode.swift; path = LoginProtocols.swift; sourceTree = "<group>"; };
		F0D386F6292828A4001B8DA1 /* LoginPresenter.swift */ = {isa = PBXFileReference; lastKnownFileType = sourcecode.swift; path = LoginPresenter.swift; sourceTree = "<group>"; };
		F0D386F8292828BB001B8DA1 /* LoginInteractor.swift */ = {isa = PBXFileReference; lastKnownFileType = sourcecode.swift; path = LoginInteractor.swift; sourceTree = "<group>"; };
		F0D386FA292829D5001B8DA1 /* LoginRouter.swift */ = {isa = PBXFileReference; lastKnownFileType = sourcecode.swift; path = LoginRouter.swift; sourceTree = "<group>"; };
		F0D387042928311E001B8DA1 /* UIView + extension.swift */ = {isa = PBXFileReference; lastKnownFileType = sourcecode.swift; path = "UIView + extension.swift"; sourceTree = "<group>"; };
		F0D3870C292835C5001B8DA1 /* RegisterProtocols.swift */ = {isa = PBXFileReference; lastKnownFileType = sourcecode.swift; path = RegisterProtocols.swift; sourceTree = "<group>"; };
		F0D3870E29283705001B8DA1 /* RegisterRouter.swift */ = {isa = PBXFileReference; lastKnownFileType = sourcecode.swift; path = RegisterRouter.swift; sourceTree = "<group>"; };
		F0D3871029283714001B8DA1 /* RegisterPresenter.swift.swift */ = {isa = PBXFileReference; lastKnownFileType = sourcecode.swift; path = RegisterPresenter.swift.swift; sourceTree = "<group>"; };
		F0D387122928371F001B8DA1 /* RegisterInteractor.swift */ = {isa = PBXFileReference; lastKnownFileType = sourcecode.swift; path = RegisterInteractor.swift; sourceTree = "<group>"; };
		F0D3871429283FFC001B8DA1 /* UIStackView + extension.swift.swift */ = {isa = PBXFileReference; lastKnownFileType = sourcecode.swift; path = "UIStackView + extension.swift.swift"; sourceTree = "<group>"; };
		F0D3C04B29290E160084C977 /* UIAlertController + extension.swift */ = {isa = PBXFileReference; lastKnownFileType = sourcecode.swift; path = "UIAlertController + extension.swift"; sourceTree = "<group>"; };
		F0D3C05C292911980084C977 /* GoogleService-Info.plist */ = {isa = PBXFileReference; fileEncoding = 4; lastKnownFileType = text.plist.xml; path = "GoogleService-Info.plist"; sourceTree = "<group>"; };
		F0D3C060292914B60084C977 /* AuthManager.swift */ = {isa = PBXFileReference; lastKnownFileType = sourcecode.swift; path = AuthManager.swift; sourceTree = "<group>"; };
		F0D3C06829291C010084C977 /* DataBaseManager.swift */ = {isa = PBXFileReference; lastKnownFileType = sourcecode.swift; path = DataBaseManager.swift; sourceTree = "<group>"; };
		F0D3C0712929254D0084C977 /* MainTabBarController.swift */ = {isa = PBXFileReference; lastKnownFileType = sourcecode.swift; path = MainTabBarController.swift; sourceTree = "<group>"; };
		F0D3C07329293EB30084C977 /* ProfileProtocols.swift */ = {isa = PBXFileReference; lastKnownFileType = sourcecode.swift; path = ProfileProtocols.swift; sourceTree = "<group>"; };
		F0D3C075292940000084C977 /* ProfileRouter.swift */ = {isa = PBXFileReference; lastKnownFileType = sourcecode.swift; path = ProfileRouter.swift; sourceTree = "<group>"; };
		F0D3C0772929404E0084C977 /* ProfilePresenter.swift */ = {isa = PBXFileReference; lastKnownFileType = sourcecode.swift; path = ProfilePresenter.swift; sourceTree = "<group>"; };
		F0D3C079292942080084C977 /* ProfileInteractor.swift */ = {isa = PBXFileReference; lastKnownFileType = sourcecode.swift; path = ProfileInteractor.swift; sourceTree = "<group>"; };
		F0D6A78F292AA55800BE1CCF /* User.swift */ = {isa = PBXFileReference; lastKnownFileType = sourcecode.swift; path = User.swift; sourceTree = "<group>"; };
		F0DFD3502934F615003EE41F /* String + Extension.swift */ = {isa = PBXFileReference; lastKnownFileType = sourcecode.swift; path = "String + Extension.swift"; sourceTree = "<group>"; };
		F0E2C2512930EA8B005A275B /* AppError.swift */ = {isa = PBXFileReference; lastKnownFileType = sourcecode.swift; path = AppError.swift; sourceTree = "<group>"; };
		F0E2C2532930EB36005A275B /* Chat.swift */ = {isa = PBXFileReference; lastKnownFileType = sourcecode.swift; path = Chat.swift; sourceTree = "<group>"; };
		F0E2C2552930F412005A275B /* ChatPresenter.swift */ = {isa = PBXFileReference; lastKnownFileType = sourcecode.swift; path = ChatPresenter.swift; sourceTree = "<group>"; };
		F0E2C2572930F424005A275B /* ChatInteractor.swift */ = {isa = PBXFileReference; lastKnownFileType = sourcecode.swift; path = ChatInteractor.swift; sourceTree = "<group>"; };
		F0E2C2592930F435005A275B /* ChatRouter.swift */ = {isa = PBXFileReference; lastKnownFileType = sourcecode.swift; path = ChatRouter.swift; sourceTree = "<group>"; };
		F0E2C25B2930F445005A275B /* ChatProtocols.swift */ = {isa = PBXFileReference; lastKnownFileType = sourcecode.swift; path = ChatProtocols.swift; sourceTree = "<group>"; };
		F0FBA09C292BDE2A00FD6B5C /* ChatViewController.swift */ = {isa = PBXFileReference; lastKnownFileType = sourcecode.swift; path = ChatViewController.swift; sourceTree = "<group>"; };
		F0FBA09E292BDE8100FD6B5C /* Message.swift */ = {isa = PBXFileReference; lastKnownFileType = sourcecode.swift; path = Message.swift; sourceTree = "<group>"; };
		F0FBA0AC292BEC6A00FD6B5C /* UserTableViewCell.swift */ = {isa = PBXFileReference; lastKnownFileType = sourcecode.swift; path = UserTableViewCell.swift; sourceTree = "<group>"; };
		F0FBA0AE292BECB100FD6B5C /* UILabel + extension.swift */ = {isa = PBXFileReference; lastKnownFileType = sourcecode.swift; path = "UILabel + extension.swift"; sourceTree = "<group>"; };
		F0FBA0B1292BED2100FD6B5C /* UITableViewCell + extension.swift.swift */ = {isa = PBXFileReference; lastKnownFileType = sourcecode.swift; path = "UITableViewCell + extension.swift.swift"; sourceTree = "<group>"; };
		F0FBA0B6292BF1D100FD6B5C /* NewConversationPresenter.swift */ = {isa = PBXFileReference; lastKnownFileType = sourcecode.swift; path = NewConversationPresenter.swift; sourceTree = "<group>"; };
		F0FBA0B8292BF1E300FD6B5C /* NewConversationInteractor.swift */ = {isa = PBXFileReference; lastKnownFileType = sourcecode.swift; path = NewConversationInteractor.swift; sourceTree = "<group>"; };
		F0FBA0BA292BF1EE00FD6B5C /* NewConversationRouter.swift */ = {isa = PBXFileReference; lastKnownFileType = sourcecode.swift; path = NewConversationRouter.swift; sourceTree = "<group>"; };
		F0FBA0BC292BF1FA00FD6B5C /* NewConversationProtocol.swift */ = {isa = PBXFileReference; lastKnownFileType = sourcecode.swift; path = NewConversationProtocol.swift; sourceTree = "<group>"; };
		F0FBA0C0292C215300FD6B5C /* NSNotification + extension.swift */ = {isa = PBXFileReference; lastKnownFileType = sourcecode.swift; path = "NSNotification + extension.swift"; sourceTree = "<group>"; };
		F0FBA0C2292C33D200FD6B5C /* Sender.swift */ = {isa = PBXFileReference; lastKnownFileType = sourcecode.swift; path = Sender.swift; sourceTree = "<group>"; };
/* End PBXFileReference section */

/* Begin PBXFrameworksBuildPhase section */
		F0D386AA29281C17001B8DA1 /* Frameworks */ = {
			isa = PBXFrameworksBuildPhase;
			buildActionMask = 2147483647;
			files = (
				F0D3870329282D9B001B8DA1 /* SnapKit in Frameworks */,
				F0D3C053292911080084C977 /* FirebaseFirestore in Frameworks */,
				F0D3C05B292911080084C977 /* FirebaseStorageCombine-Community in Frameworks */,
				F0D3C0642929151C0084C977 /* ProgressHUD in Frameworks */,
				F0C6485F292B9E580096B8C4 /* FacebookCore in Frameworks */,
				F0C64866292B9F4F0096B8C4 /* GoogleSignInSwift in Frameworks */,
				F0C64864292B9F4F0096B8C4 /* GoogleSignIn in Frameworks */,
				F0D3C051292911080084C977 /* FirebaseAuthCombine-Community in Frameworks */,
				F0D3C055292911080084C977 /* FirebaseFirestoreCombine-Community in Frameworks */,
				F0FBA0B5292BEF2500FD6B5C /* SDWebImage in Frameworks */,
				F0D3C059292911080084C977 /* FirebaseStorage in Frameworks */,
				F0C64861292B9E580096B8C4 /* FacebookLogin in Frameworks */,
				F0D3C04F292911080084C977 /* FirebaseAuth in Frameworks */,
				F0D3C057292911080084C977 /* FirebaseFirestoreSwift in Frameworks */,
				F9C0B45C00FD5ABD71F522CB /* Pods_ChatChat.framework in Frameworks */,
			);
			runOnlyForDeploymentPostprocessing = 0;
		};
/* End PBXFrameworksBuildPhase section */

/* Begin PBXGroup section */
		35D512BDCF513C51117AA331 /* Frameworks */ = {
			isa = PBXGroup;
			children = (
				867D0833B595DC639DC80182 /* Pods_ChatChat.framework */,
			);
			name = Frameworks;
			sourceTree = "<group>";
		};
		8F2D298105249AD908E9FA01 /* Pods */ = {
			isa = PBXGroup;
			children = (
				DB1B3866295D481F3D26B929 /* Pods-ChatChat.debug.xcconfig */,
				321AFD873D044664904E44F3 /* Pods-ChatChat.release.xcconfig */,
			);
			path = Pods;
			sourceTree = "<group>";
		};
		F0188228292AB1100062F9C3 /* Conversations */ = {
			isa = PBXGroup;
			children = (
				F08B76D5292EB254008C76FE /* ConversationsTableViewCell */,
				F018822D292AB13D0062F9C3 /* View */,
				F0A33E72292BD4B00063FF90 /* Presenter */,
				F018822C292AB1370062F9C3 /* Interactor */,
				F0A33E70292BD4A20063FF90 /* Router */,
				F0A33E71292BD4A80063FF90 /* Protocols */,
			);
			path = Conversations;
			sourceTree = "<group>";
		};
		F018822C292AB1370062F9C3 /* Interactor */ = {
			isa = PBXGroup;
			children = (
				F018822E292AB16F0062F9C3 /* ConversationsInteractor.swift */,
			);
			path = Interactor;
			sourceTree = "<group>";
		};
		F018822D292AB13D0062F9C3 /* View */ = {
			isa = PBXGroup;
			children = (
				F0D386B429281C17001B8DA1 /* ConversationsViewController.swift */,
			);
			path = View;
			sourceTree = "<group>";
		};
		F08B76D5292EB254008C76FE /* ConversationsTableViewCell */ = {
			isa = PBXGroup;
			children = (
				F08B76D6292EB26A008C76FE /* ConversationsTableViewCell.swift */,
			);
			path = ConversationsTableViewCell;
			sourceTree = "<group>";
		};
		F0A33E70292BD4A20063FF90 /* Router */ = {
			isa = PBXGroup;
			children = (
				F0A33E75292BD5000063FF90 /* ConversationsRouter.swift */,
			);
			path = Router;
			sourceTree = "<group>";
		};
		F0A33E71292BD4A80063FF90 /* Protocols */ = {
			isa = PBXGroup;
			children = (
				F0A33E77292BD5110063FF90 /* ConversationsProtocols.swift */,
			);
			path = Protocols;
			sourceTree = "<group>";
		};
		F0A33E72292BD4B00063FF90 /* Presenter */ = {
			isa = PBXGroup;
			children = (
				F0A33E73292BD4ED0063FF90 /* ConversationsPresenter.swift.swift */,
			);
			path = Presenter;
			sourceTree = "<group>";
		};
		F0D386A429281C17001B8DA1 = {
			isa = PBXGroup;
			children = (
				F0D386AF29281C17001B8DA1 /* ChatChat */,
				F0D386AE29281C17001B8DA1 /* Products */,
				8F2D298105249AD908E9FA01 /* Pods */,
				35D512BDCF513C51117AA331 /* Frameworks */,
			);
			sourceTree = "<group>";
		};
		F0D386AE29281C17001B8DA1 /* Products */ = {
			isa = PBXGroup;
			children = (
				F0D386AD29281C17001B8DA1 /* ChatChat.app */,
			);
			name = Products;
			sourceTree = "<group>";
		};
		F0D386AF29281C17001B8DA1 /* ChatChat */ = {
			isa = PBXGroup;
			children = (
				F01515622929558500243674 /* ChatChat.entitlements */,
				F0D386C429281CBE001B8DA1 /* Resources */,
				F0D3C05E2929149C0084C977 /* Service */,
				F0D386C529281CCE001B8DA1 /* Models */,
				F0D386C829281D2B001B8DA1 /* Screens */,
				F0D3C070292925010084C977 /* MainTabBarModule */,
				F0D386E7292820E7001B8DA1 /* Utils */,
				F0D386B929281C18001B8DA1 /* Assets.xcassets */,
				F0D3C05C292911980084C977 /* GoogleService-Info.plist */,
				F0D386BE29281C18001B8DA1 /* Info.plist */,
				F0D386BB29281C18001B8DA1 /* LaunchScreen.storyboard */,
			);
			path = ChatChat;
			sourceTree = "<group>";
		};
		F0D386C429281CBE001B8DA1 /* Resources */ = {
			isa = PBXGroup;
			children = (
				F0D386B029281C17001B8DA1 /* AppDelegate.swift */,
				F015156329295F9000243674 /* SceneDelegate.swift */,
			);
			path = Resources;
			sourceTree = "<group>";
		};
		F0D386C529281CCE001B8DA1 /* Models */ = {
			isa = PBXGroup;
			children = (
				F0D6A78F292AA55800BE1CCF /* User.swift */,
				F0FBA09E292BDE8100FD6B5C /* Message.swift */,
				F0FBA0C2292C33D200FD6B5C /* Sender.swift */,
				F08B76D3292EA5E4008C76FE /* Conversation.swift */,
				F0E2C2532930EB36005A275B /* Chat.swift */,
			);
			path = Models;
			sourceTree = "<group>";
		};
		F0D386C829281D2B001B8DA1 /* Screens */ = {
			isa = PBXGroup;
			children = (
				F0D386EE29282357001B8DA1 /* LoginModule */,
				F0D3870629283525001B8DA1 /* RegisterModule */,
				F0D3C06A292924050084C977 /* ProfileModule */,
				F0188228292AB1100062F9C3 /* Conversations */,
				F0FBA096292BDDAA00FD6B5C /* ChatModule */,
				F0FBA0A3292BEB8400FD6B5C /* NewConversationModule */,
				F0D386D129281E57001B8DA1 /* PhotoViewerViewController.swift */,
				F0D386D329281E5F001B8DA1 /* VideoPlayerViewController.swift */,
			);
			path = Screens;
			sourceTree = "<group>";
		};
		F0D386E7292820E7001B8DA1 /* Utils */ = {
			isa = PBXGroup;
			children = (
				F0D386E8292820FA001B8DA1 /* UITextField + extension.swift */,
				F0D386EA29282169001B8DA1 /* UIButton + Extension.swift */,
				F0D386EC29282251001B8DA1 /* UIImageView + Extension.swift */,
				F0D387042928311E001B8DA1 /* UIView + extension.swift */,
				F0D3871429283FFC001B8DA1 /* UIStackView + extension.swift.swift */,
				F0D3C04B29290E160084C977 /* UIAlertController + extension.swift */,
				F0FBA0AE292BECB100FD6B5C /* UILabel + extension.swift */,
				F0FBA0B1292BED2100FD6B5C /* UITableViewCell + extension.swift.swift */,
				F0FBA0C0292C215300FD6B5C /* NSNotification + extension.swift */,
				F08B76D1292E8829008C76FE /* Date + extension.swift */,
				F0DFD3502934F615003EE41F /* String + Extension.swift */,
			);
			path = Utils;
			sourceTree = "<group>";
		};
		F0D386EE29282357001B8DA1 /* LoginModule */ = {
			isa = PBXGroup;
			children = (
				F0D386EF29282374001B8DA1 /* View */,
				F0D386F02928238E001B8DA1 /* Interactor */,
				F0D386F1292823A9001B8DA1 /* Presenter */,
				F0D386F3292823DB001B8DA1 /* Router */,
				F0D386F2292823C0001B8DA1 /* Protocols */,
			);
			path = LoginModule;
			sourceTree = "<group>";
		};
		F0D386EF29282374001B8DA1 /* View */ = {
			isa = PBXGroup;
			children = (
				F0D386CD29281E44001B8DA1 /* LoginViewController.swift */,
			);
			path = View;
			sourceTree = "<group>";
		};
		F0D386F02928238E001B8DA1 /* Interactor */ = {
			isa = PBXGroup;
			children = (
				F0D386F8292828BB001B8DA1 /* LoginInteractor.swift */,
			);
			path = Interactor;
			sourceTree = "<group>";
		};
		F0D386F1292823A9001B8DA1 /* Presenter */ = {
			isa = PBXGroup;
			children = (
				F0D386F6292828A4001B8DA1 /* LoginPresenter.swift */,
			);
			path = Presenter;
			sourceTree = "<group>";
		};
		F0D386F2292823C0001B8DA1 /* Protocols */ = {
			isa = PBXGroup;
			children = (
				F0D386F429282725001B8DA1 /* LoginProtocols.swift */,
			);
			path = Protocols;
			sourceTree = "<group>";
		};
		F0D386F3292823DB001B8DA1 /* Router */ = {
			isa = PBXGroup;
			children = (
				F0D386FA292829D5001B8DA1 /* LoginRouter.swift */,
			);
			path = Router;
			sourceTree = "<group>";
		};
		F0D3870629283525001B8DA1 /* RegisterModule */ = {
			isa = PBXGroup;
			children = (
				F0D3870B29283592001B8DA1 /* View */,
				F0D3870A2928358B001B8DA1 /* Interactor */,
				F0D3870929283584001B8DA1 /* Presenter */,
				F0D387082928357F001B8DA1 /* Router */,
				F0D3870729283535001B8DA1 /* Protocols */,
			);
			path = RegisterModule;
			sourceTree = "<group>";
		};
		F0D3870729283535001B8DA1 /* Protocols */ = {
			isa = PBXGroup;
			children = (
				F0D3870C292835C5001B8DA1 /* RegisterProtocols.swift */,
			);
			path = Protocols;
			sourceTree = "<group>";
		};
		F0D387082928357F001B8DA1 /* Router */ = {
			isa = PBXGroup;
			children = (
				F0D3870E29283705001B8DA1 /* RegisterRouter.swift */,
			);
			path = Router;
			sourceTree = "<group>";
		};
		F0D3870929283584001B8DA1 /* Presenter */ = {
			isa = PBXGroup;
			children = (
				F0D3871029283714001B8DA1 /* RegisterPresenter.swift.swift */,
			);
			path = Presenter;
			sourceTree = "<group>";
		};
		F0D3870A2928358B001B8DA1 /* Interactor */ = {
			isa = PBXGroup;
			children = (
				F0D387122928371F001B8DA1 /* RegisterInteractor.swift */,
			);
			path = Interactor;
			sourceTree = "<group>";
		};
		F0D3870B29283592001B8DA1 /* View */ = {
			isa = PBXGroup;
			children = (
				F0D386CF29281E4C001B8DA1 /* RegisterViewController.swift */,
			);
			path = View;
			sourceTree = "<group>";
		};
		F0D3C05E2929149C0084C977 /* Service */ = {
			isa = PBXGroup;
			children = (
				F0E2C24E2930E9EF005A275B /* Error */,
				F0D3C06529291AE60084C977 /* DataBaseManager */,
				F0D3C05F292914AB0084C977 /* AuthManager */,
			);
			path = Service;
			sourceTree = "<group>";
		};
		F0D3C05F292914AB0084C977 /* AuthManager */ = {
			isa = PBXGroup;
			children = (
				F0D3C060292914B60084C977 /* AuthManager.swift */,
			);
			path = AuthManager;
			sourceTree = "<group>";
		};
		F0D3C06529291AE60084C977 /* DataBaseManager */ = {
			isa = PBXGroup;
			children = (
				F0D3C06829291C010084C977 /* DataBaseManager.swift */,
			);
			path = DataBaseManager;
			sourceTree = "<group>";
		};
		F0D3C06A292924050084C977 /* ProfileModule */ = {
			isa = PBXGroup;
			children = (
				F0D3C06F292924410084C977 /* View */,
				F0D3C06E2929243A0084C977 /* Interactor */,
				F0D3C06D292924330084C977 /* Presenter */,
				F0D3C06C2929242D0084C977 /* Router */,
				F0D3C06B292924280084C977 /* Protocols */,
			);
			path = ProfileModule;
			sourceTree = "<group>";
		};
		F0D3C06B292924280084C977 /* Protocols */ = {
			isa = PBXGroup;
			children = (
				F0D3C07329293EB30084C977 /* ProfileProtocols.swift */,
			);
			path = Protocols;
			sourceTree = "<group>";
		};
		F0D3C06C2929242D0084C977 /* Router */ = {
			isa = PBXGroup;
			children = (
				F0D3C075292940000084C977 /* ProfileRouter.swift */,
			);
			path = Router;
			sourceTree = "<group>";
		};
		F0D3C06D292924330084C977 /* Presenter */ = {
			isa = PBXGroup;
			children = (
				F0D3C0772929404E0084C977 /* ProfilePresenter.swift */,
			);
			path = Presenter;
			sourceTree = "<group>";
		};
		F0D3C06E2929243A0084C977 /* Interactor */ = {
			isa = PBXGroup;
			children = (
				F0D3C079292942080084C977 /* ProfileInteractor.swift */,
			);
			path = Interactor;
			sourceTree = "<group>";
		};
		F0D3C06F292924410084C977 /* View */ = {
			isa = PBXGroup;
			children = (
				F0D386D729281E76001B8DA1 /* ProfileViewController.swift */,
			);
			path = View;
			sourceTree = "<group>";
		};
		F0D3C070292925010084C977 /* MainTabBarModule */ = {
			isa = PBXGroup;
			children = (
				F0D3C0712929254D0084C977 /* MainTabBarController.swift */,
			);
			path = MainTabBarModule;
			sourceTree = "<group>";
		};
		F0E2C24E2930E9EF005A275B /* Error */ = {
			isa = PBXGroup;
			children = (
				F0E2C2512930EA8B005A275B /* AppError.swift */,
			);
			path = Error;
			sourceTree = "<group>";
		};
		F0FBA096292BDDAA00FD6B5C /* ChatModule */ = {
			isa = PBXGroup;
			children = (
				F0FBA09B292BDE1A00FD6B5C /* View */,
				F0FBA09A292BDE1600FD6B5C /* Presenter */,
				F0FBA099292BDE0F00FD6B5C /* Interactor */,
				F0FBA098292BDE0B00FD6B5C /* Router */,
				F0FBA097292BDE0400FD6B5C /* Protocols */,
			);
			path = ChatModule;
			sourceTree = "<group>";
		};
		F0FBA097292BDE0400FD6B5C /* Protocols */ = {
			isa = PBXGroup;
			children = (
				F0E2C25B2930F445005A275B /* ChatProtocols.swift */,
			);
			path = Protocols;
			sourceTree = "<group>";
		};
		F0FBA098292BDE0B00FD6B5C /* Router */ = {
			isa = PBXGroup;
			children = (
				F0E2C2592930F435005A275B /* ChatRouter.swift */,
			);
			path = Router;
			sourceTree = "<group>";
		};
		F0FBA099292BDE0F00FD6B5C /* Interactor */ = {
			isa = PBXGroup;
			children = (
				F0E2C2572930F424005A275B /* ChatInteractor.swift */,
			);
			path = Interactor;
			sourceTree = "<group>";
		};
		F0FBA09A292BDE1600FD6B5C /* Presenter */ = {
			isa = PBXGroup;
			children = (
				F0E2C2552930F412005A275B /* ChatPresenter.swift */,
			);
			path = Presenter;
			sourceTree = "<group>";
		};
		F0FBA09B292BDE1A00FD6B5C /* View */ = {
			isa = PBXGroup;
			children = (
				F0FBA09C292BDE2A00FD6B5C /* ChatViewController.swift */,
			);
			path = View;
			sourceTree = "<group>";
		};
		F0FBA0A3292BEB8400FD6B5C /* NewConversationModule */ = {
			isa = PBXGroup;
			children = (
				F0FBA0A9292BEC4500FD6B5C /* UserTableViewCell */,
				F0FBA0A8292BEBA900FD6B5C /* View */,
				F0FBA0A7292BEBA300FD6B5C /* Presenter */,
				F0FBA0A6292BEB9D00FD6B5C /* Interactor */,
				F0FBA0A5292BEB9A00FD6B5C /* Router */,
				F0FBA0A4292BEB9500FD6B5C /* Protocols */,
			);
			path = NewConversationModule;
			sourceTree = "<group>";
		};
		F0FBA0A4292BEB9500FD6B5C /* Protocols */ = {
			isa = PBXGroup;
			children = (
				F0FBA0BC292BF1FA00FD6B5C /* NewConversationProtocol.swift */,
			);
			path = Protocols;
			sourceTree = "<group>";
		};
		F0FBA0A5292BEB9A00FD6B5C /* Router */ = {
			isa = PBXGroup;
			children = (
				F0FBA0BA292BF1EE00FD6B5C /* NewConversationRouter.swift */,
			);
			path = Router;
			sourceTree = "<group>";
		};
		F0FBA0A6292BEB9D00FD6B5C /* Interactor */ = {
			isa = PBXGroup;
			children = (
				F0FBA0B8292BF1E300FD6B5C /* NewConversationInteractor.swift */,
			);
			path = Interactor;
			sourceTree = "<group>";
		};
		F0FBA0A7292BEBA300FD6B5C /* Presenter */ = {
			isa = PBXGroup;
			children = (
				F0FBA0B6292BF1D100FD6B5C /* NewConversationPresenter.swift */,
			);
			path = Presenter;
			sourceTree = "<group>";
		};
		F0FBA0A8292BEBA900FD6B5C /* View */ = {
			isa = PBXGroup;
			children = (
				F0D386D529281E6A001B8DA1 /* NewConversationViewController.swift */,
			);
			path = View;
			sourceTree = "<group>";
		};
		F0FBA0A9292BEC4500FD6B5C /* UserTableViewCell */ = {
			isa = PBXGroup;
			children = (
				F0FBA0AC292BEC6A00FD6B5C /* UserTableViewCell.swift */,
			);
			path = UserTableViewCell;
			sourceTree = "<group>";
		};
/* End PBXGroup section */

/* Begin PBXNativeTarget section */
		F0D386AC29281C17001B8DA1 /* ChatChat */ = {
			isa = PBXNativeTarget;
			buildConfigurationList = F0D386C129281C18001B8DA1 /* Build configuration list for PBXNativeTarget "ChatChat" */;
			buildPhases = (
				6921C4DDF4CCFC18E1161C87 /* [CP] Check Pods Manifest.lock */,
				F0D386A929281C17001B8DA1 /* Sources */,
				F0D386AA29281C17001B8DA1 /* Frameworks */,
				F0D386AB29281C17001B8DA1 /* Resources */,
				0B8C0CA835E216405F41D5A0 /* [CP] Embed Pods Frameworks */,
			);
			buildRules = (
			);
			dependencies = (
			);
			name = ChatChat;
			packageProductDependencies = (
				F0D3870229282D9B001B8DA1 /* SnapKit */,
				F0D3C04E292911080084C977 /* FirebaseAuth */,
				F0D3C050292911080084C977 /* FirebaseAuthCombine-Community */,
				F0D3C052292911080084C977 /* FirebaseFirestore */,
				F0D3C054292911080084C977 /* FirebaseFirestoreCombine-Community */,
				F0D3C056292911080084C977 /* FirebaseFirestoreSwift */,
				F0D3C058292911080084C977 /* FirebaseStorage */,
				F0D3C05A292911080084C977 /* FirebaseStorageCombine-Community */,
				F0D3C0632929151C0084C977 /* ProgressHUD */,
				F0C6485E292B9E580096B8C4 /* FacebookCore */,
				F0C64860292B9E580096B8C4 /* FacebookLogin */,
				F0C64863292B9F4F0096B8C4 /* GoogleSignIn */,
				F0C64865292B9F4F0096B8C4 /* GoogleSignInSwift */,
				F0FBA0B4292BEF2500FD6B5C /* SDWebImage */,
			);
			productName = ChatChat;
			productReference = F0D386AD29281C17001B8DA1 /* ChatChat.app */;
			productType = "com.apple.product-type.application";
		};
/* End PBXNativeTarget section */

/* Begin PBXProject section */
		F0D386A529281C17001B8DA1 /* Project object */ = {
			isa = PBXProject;
			attributes = {
				BuildIndependentTargetsInParallel = 1;
				LastSwiftUpdateCheck = 1330;
				LastUpgradeCheck = 1330;
				TargetAttributes = {
					F0D386AC29281C17001B8DA1 = {
						CreatedOnToolsVersion = 13.3;
					};
				};
			};
			buildConfigurationList = F0D386A829281C17001B8DA1 /* Build configuration list for PBXProject "ChatChat" */;
			compatibilityVersion = "Xcode 13.0";
			developmentRegion = en;
			hasScannedForEncodings = 0;
			knownRegions = (
				en,
				Base,
			);
			mainGroup = F0D386A429281C17001B8DA1;
			packageReferences = (
				F0D3870129282D9B001B8DA1 /* XCRemoteSwiftPackageReference "SnapKit" */,
				F0D3C04D292911080084C977 /* XCRemoteSwiftPackageReference "firebase-ios-sdk" */,
				F0D3C0622929151C0084C977 /* XCRemoteSwiftPackageReference "ProgressHUD" */,
				F0C6485D292B9E580096B8C4 /* XCRemoteSwiftPackageReference "facebook-ios-sdk" */,
				F0C64862292B9F4F0096B8C4 /* XCRemoteSwiftPackageReference "GoogleSignIn-iOS" */,
				F0FBA0B3292BEF2500FD6B5C /* XCRemoteSwiftPackageReference "SDWebImage" */,
			);
			productRefGroup = F0D386AE29281C17001B8DA1 /* Products */;
			projectDirPath = "";
			projectRoot = "";
			targets = (
				F0D386AC29281C17001B8DA1 /* ChatChat */,
			);
		};
/* End PBXProject section */

/* Begin PBXResourcesBuildPhase section */
		F0D386AB29281C17001B8DA1 /* Resources */ = {
			isa = PBXResourcesBuildPhase;
			buildActionMask = 2147483647;
			files = (
				F0D386BD29281C18001B8DA1 /* LaunchScreen.storyboard in Resources */,
				F0D386BA29281C18001B8DA1 /* Assets.xcassets in Resources */,
				F0D3C05D292911980084C977 /* GoogleService-Info.plist in Resources */,
			);
			runOnlyForDeploymentPostprocessing = 0;
		};
/* End PBXResourcesBuildPhase section */

/* Begin PBXShellScriptBuildPhase section */
		0B8C0CA835E216405F41D5A0 /* [CP] Embed Pods Frameworks */ = {
			isa = PBXShellScriptBuildPhase;
			buildActionMask = 2147483647;
			files = (
			);
			inputFileListPaths = (
				"${PODS_ROOT}/Target Support Files/Pods-ChatChat/Pods-ChatChat-frameworks-${CONFIGURATION}-input-files.xcfilelist",
			);
			name = "[CP] Embed Pods Frameworks";
			outputFileListPaths = (
				"${PODS_ROOT}/Target Support Files/Pods-ChatChat/Pods-ChatChat-frameworks-${CONFIGURATION}-output-files.xcfilelist",
			);
			runOnlyForDeploymentPostprocessing = 0;
			shellPath = /bin/sh;
			shellScript = "\"${PODS_ROOT}/Target Support Files/Pods-ChatChat/Pods-ChatChat-frameworks.sh\"\n";
			showEnvVarsInLog = 0;
		};
		6921C4DDF4CCFC18E1161C87 /* [CP] Check Pods Manifest.lock */ = {
			isa = PBXShellScriptBuildPhase;
			buildActionMask = 2147483647;
			files = (
			);
			inputFileListPaths = (
			);
			inputPaths = (
				"${PODS_PODFILE_DIR_PATH}/Podfile.lock",
				"${PODS_ROOT}/Manifest.lock",
			);
			name = "[CP] Check Pods Manifest.lock";
			outputFileListPaths = (
			);
			outputPaths = (
				"$(DERIVED_FILE_DIR)/Pods-ChatChat-checkManifestLockResult.txt",
			);
			runOnlyForDeploymentPostprocessing = 0;
			shellPath = /bin/sh;
			shellScript = "diff \"${PODS_PODFILE_DIR_PATH}/Podfile.lock\" \"${PODS_ROOT}/Manifest.lock\" > /dev/null\nif [ $? != 0 ] ; then\n    # print error to STDERR\n    echo \"error: The sandbox is not in sync with the Podfile.lock. Run 'pod install' or update your CocoaPods installation.\" >&2\n    exit 1\nfi\n# This output is used by Xcode 'outputs' to avoid re-running this script phase.\necho \"SUCCESS\" > \"${SCRIPT_OUTPUT_FILE_0}\"\n";
			showEnvVarsInLog = 0;
		};
/* End PBXShellScriptBuildPhase section */

/* Begin PBXSourcesBuildPhase section */
		F0D386A929281C17001B8DA1 /* Sources */ = {
			isa = PBXSourcesBuildPhase;
			buildActionMask = 2147483647;
			files = (
				F0D386ED29282251001B8DA1 /* UIImageView + Extension.swift in Sources */,
				F0E2C25C2930F445005A275B /* ChatProtocols.swift in Sources */,
				F0DFD3512934F615003EE41F /* String + Extension.swift in Sources */,
				F018822F292AB16F0062F9C3 /* ConversationsInteractor.swift in Sources */,
				F0D386CE29281E44001B8DA1 /* LoginViewController.swift in Sources */,
				F0D3C0722929254D0084C977 /* MainTabBarController.swift in Sources */,
				F0D3871129283714001B8DA1 /* RegisterPresenter.swift.swift in Sources */,
				F0E2C2582930F424005A275B /* ChatInteractor.swift in Sources */,
				F0D6A790292AA55800BE1CCF /* User.swift in Sources */,
				F0FBA0AF292BECB100FD6B5C /* UILabel + extension.swift in Sources */,
				F0FBA0BD292BF1FA00FD6B5C /* NewConversationProtocol.swift in Sources */,
				F0D386F9292828BB001B8DA1 /* LoginInteractor.swift in Sources */,
				F015156429295F9000243674 /* SceneDelegate.swift in Sources */,
				F0FBA0C3292C33D200FD6B5C /* Sender.swift in Sources */,
				F08B76D7292EB26A008C76FE /* ConversationsTableViewCell.swift in Sources */,
				F0D386D629281E6A001B8DA1 /* NewConversationViewController.swift in Sources */,
				F0D387052928311E001B8DA1 /* UIView + extension.swift in Sources */,
				F0E2C2562930F412005A275B /* ChatPresenter.swift in Sources */,
				F0D3870F29283705001B8DA1 /* RegisterRouter.swift in Sources */,
				F0D3C061292914B70084C977 /* AuthManager.swift in Sources */,
				F0FBA0AD292BEC6A00FD6B5C /* UserTableViewCell.swift in Sources */,
				F0FBA0B2292BED2100FD6B5C /* UITableViewCell + extension.swift.swift in Sources */,
				F08B76D2292E8829008C76FE /* Date + extension.swift in Sources */,
				F0E2C2542930EB36005A275B /* Chat.swift in Sources */,
				F0D3C07A292942080084C977 /* ProfileInteractor.swift in Sources */,
				F0D386B529281C17001B8DA1 /* ConversationsViewController.swift in Sources */,
				F0D3C0782929404E0084C977 /* ProfilePresenter.swift in Sources */,
				F0D3871529283FFC001B8DA1 /* UIStackView + extension.swift.swift in Sources */,
				F0FBA0B7292BF1D100FD6B5C /* NewConversationPresenter.swift in Sources */,
				F0D3C07429293EB30084C977 /* ProfileProtocols.swift in Sources */,
				F08B76D4292EA5E4008C76FE /* Conversation.swift in Sources */,
				F0D386E9292820FA001B8DA1 /* UITextField + extension.swift in Sources */,
				F0FBA0BB292BF1EE00FD6B5C /* NewConversationRouter.swift in Sources */,
				F0D386D829281E76001B8DA1 /* ProfileViewController.swift in Sources */,
				F0D3870D292835C5001B8DA1 /* RegisterProtocols.swift in Sources */,
				F0D387132928371F001B8DA1 /* RegisterInteractor.swift in Sources */,
				F0D386D229281E57001B8DA1 /* PhotoViewerViewController.swift in Sources */,
				F0A33E74292BD4ED0063FF90 /* ConversationsPresenter.swift.swift in Sources */,
				F0E2C25A2930F435005A275B /* ChatRouter.swift in Sources */,
				F0D386FB292829D5001B8DA1 /* LoginRouter.swift in Sources */,
				F0D3C06929291C010084C977 /* DataBaseManager.swift in Sources */,
				F0D386D429281E5F001B8DA1 /* VideoPlayerViewController.swift in Sources */,
				F0D386F7292828A4001B8DA1 /* LoginPresenter.swift in Sources */,
				F0D3C076292940000084C977 /* ProfileRouter.swift in Sources */,
				F0FBA09F292BDE8100FD6B5C /* Message.swift in Sources */,
				F0D386B129281C17001B8DA1 /* AppDelegate.swift in Sources */,
				F0A33E76292BD5000063FF90 /* ConversationsRouter.swift in Sources */,
				F0D3C04C29290E160084C977 /* UIAlertController + extension.swift in Sources */,
				F0E2C2522930EA8B005A275B /* AppError.swift in Sources */,
				F0D386F529282725001B8DA1 /* LoginProtocols.swift in Sources */,
				F0FBA0C1292C215300FD6B5C /* NSNotification + extension.swift in Sources */,
				F0D386EB29282169001B8DA1 /* UIButton + Extension.swift in Sources */,
				F0FBA0B9292BF1E300FD6B5C /* NewConversationInteractor.swift in Sources */,
				F0D386D029281E4C001B8DA1 /* RegisterViewController.swift in Sources */,
				F0FBA09D292BDE2A00FD6B5C /* ChatViewController.swift in Sources */,
				F0A33E78292BD5110063FF90 /* ConversationsProtocols.swift in Sources */,
			);
			runOnlyForDeploymentPostprocessing = 0;
		};
/* End PBXSourcesBuildPhase section */

/* Begin PBXVariantGroup section */
		F0D386BB29281C18001B8DA1 /* LaunchScreen.storyboard */ = {
			isa = PBXVariantGroup;
			children = (
				F0D386BC29281C18001B8DA1 /* Base */,
			);
			name = LaunchScreen.storyboard;
			sourceTree = "<group>";
		};
/* End PBXVariantGroup section */

/* Begin XCBuildConfiguration section */
		F0D386BF29281C18001B8DA1 /* Debug */ = {
			isa = XCBuildConfiguration;
			buildSettings = {
				ALWAYS_SEARCH_USER_PATHS = NO;
				CLANG_ANALYZER_NONNULL = YES;
				CLANG_ANALYZER_NUMBER_OBJECT_CONVERSION = YES_AGGRESSIVE;
				CLANG_CXX_LANGUAGE_STANDARD = "gnu++17";
				CLANG_ENABLE_MODULES = YES;
				CLANG_ENABLE_OBJC_ARC = YES;
				CLANG_ENABLE_OBJC_WEAK = YES;
				CLANG_WARN_BLOCK_CAPTURE_AUTORELEASING = YES;
				CLANG_WARN_BOOL_CONVERSION = YES;
				CLANG_WARN_COMMA = YES;
				CLANG_WARN_CONSTANT_CONVERSION = YES;
				CLANG_WARN_DEPRECATED_OBJC_IMPLEMENTATIONS = YES;
				CLANG_WARN_DIRECT_OBJC_ISA_USAGE = YES_ERROR;
				CLANG_WARN_DOCUMENTATION_COMMENTS = YES;
				CLANG_WARN_EMPTY_BODY = YES;
				CLANG_WARN_ENUM_CONVERSION = YES;
				CLANG_WARN_INFINITE_RECURSION = YES;
				CLANG_WARN_INT_CONVERSION = YES;
				CLANG_WARN_NON_LITERAL_NULL_CONVERSION = YES;
				CLANG_WARN_OBJC_IMPLICIT_RETAIN_SELF = YES;
				CLANG_WARN_OBJC_LITERAL_CONVERSION = YES;
				CLANG_WARN_OBJC_ROOT_CLASS = YES_ERROR;
				CLANG_WARN_QUOTED_INCLUDE_IN_FRAMEWORK_HEADER = YES;
				CLANG_WARN_RANGE_LOOP_ANALYSIS = YES;
				CLANG_WARN_STRICT_PROTOTYPES = YES;
				CLANG_WARN_SUSPICIOUS_MOVE = YES;
				CLANG_WARN_UNGUARDED_AVAILABILITY = YES_AGGRESSIVE;
				CLANG_WARN_UNREACHABLE_CODE = YES;
				CLANG_WARN__DUPLICATE_METHOD_MATCH = YES;
				COPY_PHASE_STRIP = NO;
				DEBUG_INFORMATION_FORMAT = dwarf;
				ENABLE_STRICT_OBJC_MSGSEND = YES;
				ENABLE_TESTABILITY = YES;
				GCC_C_LANGUAGE_STANDARD = gnu11;
				GCC_DYNAMIC_NO_PIC = NO;
				GCC_NO_COMMON_BLOCKS = YES;
				GCC_OPTIMIZATION_LEVEL = 0;
				GCC_PREPROCESSOR_DEFINITIONS = (
					"DEBUG=1",
					"$(inherited)",
				);
				GCC_WARN_64_TO_32_BIT_CONVERSION = YES;
				GCC_WARN_ABOUT_RETURN_TYPE = YES_ERROR;
				GCC_WARN_UNDECLARED_SELECTOR = YES;
				GCC_WARN_UNINITIALIZED_AUTOS = YES_AGGRESSIVE;
				GCC_WARN_UNUSED_FUNCTION = YES;
				GCC_WARN_UNUSED_VARIABLE = YES;
				IPHONEOS_DEPLOYMENT_TARGET = 15.4;
				MTL_ENABLE_DEBUG_INFO = INCLUDE_SOURCE;
				MTL_FAST_MATH = YES;
				ONLY_ACTIVE_ARCH = YES;
				SDKROOT = iphoneos;
				SWIFT_ACTIVE_COMPILATION_CONDITIONS = DEBUG;
				SWIFT_OPTIMIZATION_LEVEL = "-Onone";
			};
			name = Debug;
		};
		F0D386C029281C18001B8DA1 /* Release */ = {
			isa = XCBuildConfiguration;
			buildSettings = {
				ALWAYS_SEARCH_USER_PATHS = NO;
				CLANG_ANALYZER_NONNULL = YES;
				CLANG_ANALYZER_NUMBER_OBJECT_CONVERSION = YES_AGGRESSIVE;
				CLANG_CXX_LANGUAGE_STANDARD = "gnu++17";
				CLANG_ENABLE_MODULES = YES;
				CLANG_ENABLE_OBJC_ARC = YES;
				CLANG_ENABLE_OBJC_WEAK = YES;
				CLANG_WARN_BLOCK_CAPTURE_AUTORELEASING = YES;
				CLANG_WARN_BOOL_CONVERSION = YES;
				CLANG_WARN_COMMA = YES;
				CLANG_WARN_CONSTANT_CONVERSION = YES;
				CLANG_WARN_DEPRECATED_OBJC_IMPLEMENTATIONS = YES;
				CLANG_WARN_DIRECT_OBJC_ISA_USAGE = YES_ERROR;
				CLANG_WARN_DOCUMENTATION_COMMENTS = YES;
				CLANG_WARN_EMPTY_BODY = YES;
				CLANG_WARN_ENUM_CONVERSION = YES;
				CLANG_WARN_INFINITE_RECURSION = YES;
				CLANG_WARN_INT_CONVERSION = YES;
				CLANG_WARN_NON_LITERAL_NULL_CONVERSION = YES;
				CLANG_WARN_OBJC_IMPLICIT_RETAIN_SELF = YES;
				CLANG_WARN_OBJC_LITERAL_CONVERSION = YES;
				CLANG_WARN_OBJC_ROOT_CLASS = YES_ERROR;
				CLANG_WARN_QUOTED_INCLUDE_IN_FRAMEWORK_HEADER = YES;
				CLANG_WARN_RANGE_LOOP_ANALYSIS = YES;
				CLANG_WARN_STRICT_PROTOTYPES = YES;
				CLANG_WARN_SUSPICIOUS_MOVE = YES;
				CLANG_WARN_UNGUARDED_AVAILABILITY = YES_AGGRESSIVE;
				CLANG_WARN_UNREACHABLE_CODE = YES;
				CLANG_WARN__DUPLICATE_METHOD_MATCH = YES;
				COPY_PHASE_STRIP = NO;
				DEBUG_INFORMATION_FORMAT = "dwarf-with-dsym";
				ENABLE_NS_ASSERTIONS = NO;
				ENABLE_STRICT_OBJC_MSGSEND = YES;
				GCC_C_LANGUAGE_STANDARD = gnu11;
				GCC_NO_COMMON_BLOCKS = YES;
				GCC_WARN_64_TO_32_BIT_CONVERSION = YES;
				GCC_WARN_ABOUT_RETURN_TYPE = YES_ERROR;
				GCC_WARN_UNDECLARED_SELECTOR = YES;
				GCC_WARN_UNINITIALIZED_AUTOS = YES_AGGRESSIVE;
				GCC_WARN_UNUSED_FUNCTION = YES;
				GCC_WARN_UNUSED_VARIABLE = YES;
				IPHONEOS_DEPLOYMENT_TARGET = 15.4;
				MTL_ENABLE_DEBUG_INFO = NO;
				MTL_FAST_MATH = YES;
				SDKROOT = iphoneos;
				SWIFT_COMPILATION_MODE = wholemodule;
				SWIFT_OPTIMIZATION_LEVEL = "-O";
				VALIDATE_PRODUCT = YES;
			};
			name = Release;
		};
		F0D386C229281C18001B8DA1 /* Debug */ = {
			isa = XCBuildConfiguration;
			baseConfigurationReference = DB1B3866295D481F3D26B929 /* Pods-ChatChat.debug.xcconfig */;
			buildSettings = {
				ASSETCATALOG_COMPILER_APPICON_NAME = AppIcon;
				ASSETCATALOG_COMPILER_GLOBAL_ACCENT_COLOR_NAME = AccentColor;
				CODE_SIGN_ENTITLEMENTS = ChatChat/ChatChat.entitlements;
				CODE_SIGN_STYLE = Automatic;
				CURRENT_PROJECT_VERSION = 1;
				DEVELOPMENT_TEAM = 7FLPT7M2FL;
				GENERATE_INFOPLIST_FILE = YES;
				INFOPLIST_FILE = ChatChat/Info.plist;
				INFOPLIST_KEY_NSCameraUsageDescription = "Please allow access to take a profile picture";
				INFOPLIST_KEY_NSPhotoLibraryAddUsageDescription = "Please allow access to select a photo for your profile";
				INFOPLIST_KEY_UIApplicationSupportsIndirectInputEvents = YES;
				INFOPLIST_KEY_UILaunchStoryboardName = LaunchScreen;
				INFOPLIST_KEY_UISupportedInterfaceOrientations = UIInterfaceOrientationPortrait;
				INFOPLIST_KEY_UISupportedInterfaceOrientations_iPad = "UIInterfaceOrientationPortrait UIInterfaceOrientationPortraitUpsideDown UIInterfaceOrientationLandscapeLeft UIInterfaceOrientationLandscapeRight";
				INFOPLIST_KEY_UISupportedInterfaceOrientations_iPhone = "UIInterfaceOrientationPortrait UIInterfaceOrientationLandscapeLeft UIInterfaceOrientationLandscapeRight";
				LD_RUNPATH_SEARCH_PATHS = (
					"$(inherited)",
					"@executable_path/Frameworks",
				);
				MARKETING_VERSION = 1.0;
				PRODUCT_BUNDLE_IDENTIFIER = com.mehmetbilir.ChatChat;
				PRODUCT_NAME = "$(TARGET_NAME)";
				SWIFT_EMIT_LOC_STRINGS = YES;
				SWIFT_VERSION = 5.0;
				TARGETED_DEVICE_FAMILY = "1,2";
			};
			name = Debug;
		};
		F0D386C329281C18001B8DA1 /* Release */ = {
			isa = XCBuildConfiguration;
			baseConfigurationReference = 321AFD873D044664904E44F3 /* Pods-ChatChat.release.xcconfig */;
			buildSettings = {
				ASSETCATALOG_COMPILER_APPICON_NAME = AppIcon;
				ASSETCATALOG_COMPILER_GLOBAL_ACCENT_COLOR_NAME = AccentColor;
				CODE_SIGN_ENTITLEMENTS = ChatChat/ChatChat.entitlements;
				CODE_SIGN_STYLE = Automatic;
				CURRENT_PROJECT_VERSION = 1;
				DEVELOPMENT_TEAM = 7FLPT7M2FL;
				GENERATE_INFOPLIST_FILE = YES;
				INFOPLIST_FILE = ChatChat/Info.plist;
				INFOPLIST_KEY_NSCameraUsageDescription = "Please allow access to take a profile picture";
				INFOPLIST_KEY_NSPhotoLibraryAddUsageDescription = "Please allow access to select a photo for your profile";
				INFOPLIST_KEY_UIApplicationSupportsIndirectInputEvents = YES;
				INFOPLIST_KEY_UILaunchStoryboardName = LaunchScreen;
				INFOPLIST_KEY_UISupportedInterfaceOrientations = UIInterfaceOrientationPortrait;
				INFOPLIST_KEY_UISupportedInterfaceOrientations_iPad = "UIInterfaceOrientationPortrait UIInterfaceOrientationPortraitUpsideDown UIInterfaceOrientationLandscapeLeft UIInterfaceOrientationLandscapeRight";
				INFOPLIST_KEY_UISupportedInterfaceOrientations_iPhone = "UIInterfaceOrientationPortrait UIInterfaceOrientationLandscapeLeft UIInterfaceOrientationLandscapeRight";
				LD_RUNPATH_SEARCH_PATHS = (
					"$(inherited)",
					"@executable_path/Frameworks",
				);
				MARKETING_VERSION = 1.0;
				PRODUCT_BUNDLE_IDENTIFIER = com.mehmetbilir.ChatChat;
				PRODUCT_NAME = "$(TARGET_NAME)";
				SWIFT_EMIT_LOC_STRINGS = YES;
				SWIFT_VERSION = 5.0;
				TARGETED_DEVICE_FAMILY = "1,2";
			};
			name = Release;
		};
/* End XCBuildConfiguration section */

/* Begin XCConfigurationList section */
		F0D386A829281C17001B8DA1 /* Build configuration list for PBXProject "ChatChat" */ = {
			isa = XCConfigurationList;
			buildConfigurations = (
				F0D386BF29281C18001B8DA1 /* Debug */,
				F0D386C029281C18001B8DA1 /* Release */,
			);
			defaultConfigurationIsVisible = 0;
			defaultConfigurationName = Release;
		};
		F0D386C129281C18001B8DA1 /* Build configuration list for PBXNativeTarget "ChatChat" */ = {
			isa = XCConfigurationList;
			buildConfigurations = (
				F0D386C229281C18001B8DA1 /* Debug */,
				F0D386C329281C18001B8DA1 /* Release */,
			);
			defaultConfigurationIsVisible = 0;
			defaultConfigurationName = Release;
		};
/* End XCConfigurationList section */

/* Begin XCRemoteSwiftPackageReference section */
		F0C6485D292B9E580096B8C4 /* XCRemoteSwiftPackageReference "facebook-ios-sdk" */ = {
			isa = XCRemoteSwiftPackageReference;
			repositoryURL = "https://github.com/facebook/facebook-ios-sdk.git";
			requirement = {
				branch = main;
				kind = branch;
			};
		};
		F0C64862292B9F4F0096B8C4 /* XCRemoteSwiftPackageReference "GoogleSignIn-iOS" */ = {
			isa = XCRemoteSwiftPackageReference;
			repositoryURL = "https://github.com/google/GoogleSignIn-iOS";
			requirement = {
				kind = upToNextMajorVersion;
				minimumVersion = 6.0.0;
			};
		};
		F0D3870129282D9B001B8DA1 /* XCRemoteSwiftPackageReference "SnapKit" */ = {
			isa = XCRemoteSwiftPackageReference;
			repositoryURL = "https://github.com/SnapKit/SnapKit.git";
			requirement = {
				branch = develop;
				kind = branch;
			};
		};
		F0D3C04D292911080084C977 /* XCRemoteSwiftPackageReference "firebase-ios-sdk" */ = {
			isa = XCRemoteSwiftPackageReference;
			repositoryURL = "https://github.com/firebase/firebase-ios-sdk";
			requirement = {
				branch = master;
				kind = branch;
			};
		};
		F0D3C0622929151C0084C977 /* XCRemoteSwiftPackageReference "ProgressHUD" */ = {
			isa = XCRemoteSwiftPackageReference;
			repositoryURL = "https://github.com/relatedcode/ProgressHUD.git";
			requirement = {
				branch = master;
				kind = branch;
			};
		};
		F0FBA0B3292BEF2500FD6B5C /* XCRemoteSwiftPackageReference "SDWebImage" */ = {
			isa = XCRemoteSwiftPackageReference;
			repositoryURL = "https://github.com/SDWebImage/SDWebImage.git";
			requirement = {
				branch = master;
				kind = branch;
			};
		};
/* End XCRemoteSwiftPackageReference section */

/* Begin XCSwiftPackageProductDependency section */
		F0C6485E292B9E580096B8C4 /* FacebookCore */ = {
			isa = XCSwiftPackageProductDependency;
			package = F0C6485D292B9E580096B8C4 /* XCRemoteSwiftPackageReference "facebook-ios-sdk" */;
			productName = FacebookCore;
		};
		F0C64860292B9E580096B8C4 /* FacebookLogin */ = {
			isa = XCSwiftPackageProductDependency;
			package = F0C6485D292B9E580096B8C4 /* XCRemoteSwiftPackageReference "facebook-ios-sdk" */;
			productName = FacebookLogin;
		};
		F0C64863292B9F4F0096B8C4 /* GoogleSignIn */ = {
			isa = XCSwiftPackageProductDependency;
			package = F0C64862292B9F4F0096B8C4 /* XCRemoteSwiftPackageReference "GoogleSignIn-iOS" */;
			productName = GoogleSignIn;
		};
		F0C64865292B9F4F0096B8C4 /* GoogleSignInSwift */ = {
			isa = XCSwiftPackageProductDependency;
			package = F0C64862292B9F4F0096B8C4 /* XCRemoteSwiftPackageReference "GoogleSignIn-iOS" */;
			productName = GoogleSignInSwift;
		};
		F0D3870229282D9B001B8DA1 /* SnapKit */ = {
			isa = XCSwiftPackageProductDependency;
			package = F0D3870129282D9B001B8DA1 /* XCRemoteSwiftPackageReference "SnapKit" */;
			productName = SnapKit;
		};
		F0D3C04E292911080084C977 /* FirebaseAuth */ = {
			isa = XCSwiftPackageProductDependency;
			package = F0D3C04D292911080084C977 /* XCRemoteSwiftPackageReference "firebase-ios-sdk" */;
			productName = FirebaseAuth;
		};
		F0D3C050292911080084C977 /* FirebaseAuthCombine-Community */ = {
			isa = XCSwiftPackageProductDependency;
			package = F0D3C04D292911080084C977 /* XCRemoteSwiftPackageReference "firebase-ios-sdk" */;
			productName = "FirebaseAuthCombine-Community";
		};
		F0D3C052292911080084C977 /* FirebaseFirestore */ = {
			isa = XCSwiftPackageProductDependency;
			package = F0D3C04D292911080084C977 /* XCRemoteSwiftPackageReference "firebase-ios-sdk" */;
			productName = FirebaseFirestore;
		};
		F0D3C054292911080084C977 /* FirebaseFirestoreCombine-Community */ = {
			isa = XCSwiftPackageProductDependency;
			package = F0D3C04D292911080084C977 /* XCRemoteSwiftPackageReference "firebase-ios-sdk" */;
			productName = "FirebaseFirestoreCombine-Community";
		};
		F0D3C056292911080084C977 /* FirebaseFirestoreSwift */ = {
			isa = XCSwiftPackageProductDependency;
			package = F0D3C04D292911080084C977 /* XCRemoteSwiftPackageReference "firebase-ios-sdk" */;
			productName = FirebaseFirestoreSwift;
		};
		F0D3C058292911080084C977 /* FirebaseStorage */ = {
			isa = XCSwiftPackageProductDependency;
			package = F0D3C04D292911080084C977 /* XCRemoteSwiftPackageReference "firebase-ios-sdk" */;
			productName = FirebaseStorage;
		};
		F0D3C05A292911080084C977 /* FirebaseStorageCombine-Community */ = {
			isa = XCSwiftPackageProductDependency;
			package = F0D3C04D292911080084C977 /* XCRemoteSwiftPackageReference "firebase-ios-sdk" */;
			productName = "FirebaseStorageCombine-Community";
		};
		F0D3C0632929151C0084C977 /* ProgressHUD */ = {
			isa = XCSwiftPackageProductDependency;
			package = F0D3C0622929151C0084C977 /* XCRemoteSwiftPackageReference "ProgressHUD" */;
			productName = ProgressHUD;
		};
		F0FBA0B4292BEF2500FD6B5C /* SDWebImage */ = {
			isa = XCSwiftPackageProductDependency;
			package = F0FBA0B3292BEF2500FD6B5C /* XCRemoteSwiftPackageReference "SDWebImage" */;
			productName = SDWebImage;
		};
/* End XCSwiftPackageProductDependency section */
	};
	rootObject = F0D386A529281C17001B8DA1 /* Project object */;
}
